
Microsoft Visual Studio Solution File, Format Version 12.00
# Visual Studio Version 17
VisualStudioVersion = 17.0.31903.59
MinimumVisualStudioVersion = 10.0.40219.1
Project("{2150E333-8FDC-42A3-9474-1A3956D46DE8}") = "src", "src", "{827E0CD3-B72D-47B6-A68D-7590B98EB39B}"
EndProject
Project("{FAE04EC0-301F-11D3-BF4B-00C04F79EFBC}") = "ChunkPilot.Core", "src\ChunkPilot.Core\ChunkPilot.Core.csproj", "{AFDA5E11-5448-462F-B139-5327A21A24E3}"
EndProject
Project("{FAE04EC0-301F-11D3-BF4B-00C04F79EFBC}") = "ChunkPilot.Infrastructure", "src\ChunkPilot.Infrastructure\ChunkPilot.Infrastructure.csproj", "{2578E82A-0B00-477E-9789-4FA05F08D69E}"
EndProject
Project("{FAE04EC0-301F-11D3-BF4B-00C04F79EFBC}") = "ChunkPilot.Agent", "src\ChunkPilot.Agent\ChunkPilot.Agent.csproj", "{9973A474-F5D0-44D5-B4E0-D87B6D6DCD20}"
EndProject
Project("{FAE04EC0-301F-11D3-BF4B-00C04F79EFBC}") = "ChunkPilot.App", "src\ChunkPilot.App\ChunkPilot.App.csproj", "{F2BA5748-3AE7-4128-83C2-5A992A5FD923}"
EndProject
Project("{FAE04EC0-301F-11D3-BF4B-00C04F79EFBC}") = "ChunkPilot.FirewallHelper", "src\ChunkPilot.FirewallHelper\ChunkPilot.FirewallHelper.csproj", "{DB043810-04F2-4DB4-AB72-91C85D1A669D}"
EndProject
Project("{FAE04EC0-301F-11D3-BF4B-00C04F79EFBC}") = "ChunkPilot.Certification", "src\ChunkPilot.Certification\ChunkPilot.Certification.csproj", "{D5A3B7B0-71C9-4F06-88E3-93F1C8D29AF1}"
EndProject
Project("{2150E333-8FDC-42A3-9474-1A3956D46DE8}") = "tests", "tests", "{0AB3BF05-4346-4AA6-1389-037BE0695223}"
EndProject
Project("{FAE04EC0-301F-11D3-BF4B-00C04F79EFBC}") = "ChunkPilot.UnitTests", "tests\ChunkPilot.UnitTests\ChunkPilot.UnitTests.csproj", "{5C0077DB-CEE1-4054-AEDD-339C69B89355}"
EndProject
Project("{FAE04EC0-301F-11D3-BF4B-00C04F79EFBC}") = "ChunkPilot.IntegrationTests", "tests\ChunkPilot.IntegrationTests\ChunkPilot.IntegrationTests.csproj", "{E3BE581C-B60D-4284-8E52-A299AA3A4D0F}"
EndProject
Project("{FAE04EC0-301F-11D3-BF4B-00C04F79EFBC}") = "ChunkPilot.FakeServer", "tests\ChunkPilot.FakeServer\ChunkPilot.FakeServer.csproj", "{1E88E1E1-0D40-4F83-9C96-130D2D2D1812}"
EndProject
Global
	GlobalSection(SolutionConfigurationPlatforms) = preSolution
		Debug|Any CPU = Debug|Any CPU
		Debug|x64 = Debug|x64
		Debug|x86 = Debug|x86
		Release|Any CPU = Release|Any CPU
		Release|x64 = Release|x64
		Release|x86 = Release|x86
	EndGlobalSection
	GlobalSection(ProjectConfigurationPlatforms) = postSolution
		{AFDA5E11-5448-462F-B139-5327A21A24E3}.Debug|Any CPU.ActiveCfg = Debug|Any CPU
		{AFDA5E11-5448-462F-B139-5327A21A24E3}.Debug|Any CPU.Build.0 = Debug|Any CPU
		{AFDA5E11-5448-462F-B139-5327A21A24E3}.Debug|x64.ActiveCfg = Debug|Any CPU
		{AFDA5E11-5448-462F-B139-5327A21A24E3}.Debug|x64.Build.0 = Debug|Any CPU
		{AFDA5E11-5448-462F-B139-5327A21A24E3}.Debug|x86.ActiveCfg = Debug|Any CPU
		{AFDA5E11-5448-462F-B139-5327A21A24E3}.Debug|x86.Build.0 = Debug|Any CPU
		{AFDA5E11-5448-462F-B139-5327A21A24E3}.Release|Any CPU.ActiveCfg = Release|Any CPU
		{AFDA5E11-5448-462F-B139-5327A21A24E3}.Release|Any CPU.Build.0 = Release|Any CPU
		{AFDA5E11-5448-462F-B139-5327A21A24E3}.Release|x64.ActiveCfg = Release|Any CPU
		{AFDA5E11-5448-462F-B139-5327A21A24E3}.Release|x64.Build.0 = Release|Any CPU
		{AFDA5E11-5448-462F-B139-5327A21A24E3}.Release|x86.ActiveCfg = Release|Any CPU
		{AFDA5E11-5448-462F-B139-5327A21A24E3}.Release|x86.Build.0 = Release|Any CPU
		{2578E82A-0B00-477E-9789-4FA05F08D69E}.Debug|Any CPU.ActiveCfg = Debug|Any CPU
		{2578E82A-0B00-477E-9789-4FA05F08D69E}.Debug|Any CPU.Build.0 = Debug|Any CPU
		{2578E82A-0B00-477E-9789-4FA05F08D69E}.Debug|x64.ActiveCfg = Debug|Any CPU
		{2578E82A-0B00-477E-9789-4FA05F08D69E}.Debug|x64.Build.0 = Debug|Any CPU
		{2578E82A-0B00-477E-9789-4FA05F08D69E}.Debug|x86.ActiveCfg = Debug|Any CPU
		{2578E82A-0B00-477E-9789-4FA05F08D69E}.Debug|x86.Build.0 = Debug|Any CPU
		{2578E82A-0B00-477E-9789-4FA05F08D69E}.Release|Any CPU.ActiveCfg = Release|Any CPU
		{2578E82A-0B00-477E-9789-4FA05F08D69E}.Release|Any CPU.Build.0 = Release|Any CPU
		{2578E82A-0B00-477E-9789-4FA05F08D69E}.Release|x64.ActiveCfg = Release|Any CPU
		{2578E82A-0B00-477E-9789-4FA05F08D69E}.Release|x64.Build.0 = Release|Any CPU
		{2578E82A-0B00-477E-9789-4FA05F08D69E}.Release|x86.ActiveCfg = Release|Any CPU
		{2578E82A-0B00-477E-9789-4FA05F08D69E}.Release|x86.Build.0 = Release|Any CPU
		{9973A474-F5D0-44D5-B4E0-D87B6D6DCD20}.Debug|Any CPU.ActiveCfg = Debug|Any CPU
		{9973A474-F5D0-44D5-B4E0-D87B6D6DCD20}.Debug|Any CPU.Build.0 = Debug|Any CPU
		{9973A474-F5D0-44D5-B4E0-D87B6D6DCD20}.Debug|x64.ActiveCfg = Debug|Any CPU
		{9973A474-F5D0-44D5-B4E0-D87B6D6DCD20}.Debug|x64.Build.0 = Debug|Any CPU
		{9973A474-F5D0-44D5-B4E0-D87B6D6DCD20}.Debug|x86.ActiveCfg = Debug|Any CPU
		{9973A474-F5D0-44D5-B4E0-D87B6D6DCD20}.Debug|x86.Build.0 = Debug|Any CPU
		{9973A474-F5D0-44D5-B4E0-D87B6D6DCD20}.Release|Any CPU.ActiveCfg = Release|Any CPU
		{9973A474-F5D0-44D5-B4E0-D87B6D6DCD20}.Release|Any CPU.Build.0 = Release|Any CPU
		{9973A474-F5D0-44D5-B4E0-D87B6D6DCD20}.Release|x64.ActiveCfg = Release|Any CPU
		{9973A474-F5D0-44D5-B4E0-D87B6D6DCD20}.Release|x64.Build.0 = Release|Any CPU
		{9973A474-F5D0-44D5-B4E0-D87B6D6DCD20}.Release|x86.ActiveCfg = Release|Any CPU
		{9973A474-F5D0-44D5-B4E0-D87B6D6DCD20}.Release|x86.Build.0 = Release|Any CPU
		{F2BA5748-3AE7-4128-83C2-5A992A5FD923}.Debug|Any CPU.ActiveCfg = Debug|Any CPU
		{F2BA5748-3AE7-4128-83C2-5A992A5FD923}.Debug|Any CPU.Build.0 = Debug|Any CPU
		{F2BA5748-3AE7-4128-83C2-5A992A5FD923}.Debug|x64.ActiveCfg = Debug|Any CPU
		{F2BA5748-3AE7-4128-83C2-5A992A5FD923}.Debug|x64.Build.0 = Debug|Any CPU
		{F2BA5748-3AE7-4128-83C2-5A992A5FD923}.Debug|x86.ActiveCfg = Debug|Any CPU
		{F2BA5748-3AE7-4128-83C2-5A992A5FD923}.Debug|x86.Build.0 = Debug|Any CPU
		{F2BA5748-3AE7-4128-83C2-5A992A5FD923}.Release|Any CPU.ActiveCfg = Release|Any CPU
		{F2BA5748-3AE7-4128-83C2-5A992A5FD923}.Release|Any CPU.Build.0 = Release|Any CPU
		{F2BA5748-3AE7-4128-83C2-5A992A5FD923}.Release|x64.ActiveCfg = Release|Any CPU
		{F2BA5748-3AE7-4128-83C2-5A992A5FD923}.Release|x64.Build.0 = Release|Any CPU
		{F2BA5748-3AE7-4128-83C2-5A992A5FD923}.Release|x86.ActiveCfg = Release|Any CPU
		{F2BA5748-3AE7-4128-83C2-5A992A5FD923}.Release|x86.Build.0 = Release|Any CPU
		{DB043810-04F2-4DB4-AB72-91C85D1A669D}.Debug|Any CPU.ActiveCfg = Debug|Any CPU
		{DB043810-04F2-4DB4-AB72-91C85D1A669D}.Debug|Any CPU.Build.0 = Debug|Any CPU
		{DB043810-04F2-4DB4-AB72-91C85D1A669D}.Debug|x64.ActiveCfg = Debug|Any CPU
		{DB043810-04F2-4DB4-AB72-91C85D1A669D}.Debug|x64.Build.0 = Debug|Any CPU
		{DB043810-04F2-4DB4-AB72-91C85D1A669D}.Debug|x86.ActiveCfg = Debug|Any CPU
		{DB043810-04F2-4DB4-AB72-91C85D1A669D}.Debug|x86.Build.0 = Debug|Any CPU
		{DB043810-04F2-4DB4-AB72-91C85D1A669D}.Release|Any CPU.ActiveCfg = Release|Any CPU
		{DB043810-04F2-4DB4-AB72-91C85D1A669D}.Release|Any CPU.Build.0 = Release|Any CPU
		{DB043810-04F2-4DB4-AB72-91C85D1A669D}.Release|x64.ActiveCfg = Release|Any CPU
		{DB043810-04F2-4DB4-AB72-91C85D1A669D}.Release|x64.Build.0 = Release|Any CPU
		{DB043810-04F2-4DB4-AB72-91C85D1A669D}.Release|x86.ActiveCfg = Release|Any CPU
		{DB043810-04F2-4DB4-AB72-91C85D1A669D}.Release|x86.Build.0 = Release|Any CPU
		{D5A3B7B0-71C9-4F06-88E3-93F1C8D29AF1}.Debug|Any CPU.ActiveCfg = Debug|Any CPU
		{D5A3B7B0-71C9-4F06-88E3-93F1C8D29AF1}.Debug|Any CPU.Build.0 = Debug|Any CPU
		{D5A3B7B0-71C9-4F06-88E3-93F1C8D29AF1}.Debug|x64.ActiveCfg = Debug|Any CPU
		{D5A3B7B0-71C9-4F06-88E3-93F1C8D29AF1}.Debug|x64.Build.0 = Debug|Any CPU
		{D5A3B7B0-71C9-4F06-88E3-93F1C8D29AF1}.Debug|x86.ActiveCfg = Debug|Any CPU
		{D5A3B7B0-71C9-4F06-88E3-93F1C8D29AF1}.Debug|x86.Build.0 = Debug|Any CPU
		{D5A3B7B0-71C9-4F06-88E3-93F1C8D29AF1}.Release|Any CPU.ActiveCfg = Release|Any CPU
		{D5A3B7B0-71C9-4F06-88E3-93F1C8D29AF1}.Release|Any CPU.Build.0 = Release|Any CPU
		{D5A3B7B0-71C9-4F06-88E3-93F1C8D29AF1}.Release|x64.ActiveCfg = Release|Any CPU
		{D5A3B7B0-71C9-4F06-88E3-93F1C8D29AF1}.Release|x64.Build.0 = Release|Any CPU
		{D5A3B7B0-71C9-4F06-88E3-93F1C8D29AF1}.Release|x86.ActiveCfg = Release|Any CPU
		{D5A3B7B0-71C9-4F06-88E3-93F1C8D29AF1}.Release|x86.Build.0 = Release|Any CPU
		{5C0077DB-CEE1-4054-AEDD-339C69B89355}.Debug|Any CPU.ActiveCfg = Debug|Any CPU
		{5C0077DB-CEE1-4054-AEDD-339C69B89355}.Debug|Any CPU.Build.0 = Debug|Any CPU
		{5C0077DB-CEE1-4054-AEDD-339C69B89355}.Debug|x64.ActiveCfg = Debug|Any CPU
		{5C0077DB-CEE1-4054-AEDD-339C69B89355}.Debug|x64.Build.0 = Debug|Any CPU
		{5C0077DB-CEE1-4054-AEDD-339C69B89355}.Debug|x86.ActiveCfg = Debug|Any CPU
		{5C0077DB-CEE1-4054-AEDD-339C69B89355}.Debug|x86.Build.0 = Debug|Any CPU
		{5C0077DB-CEE1-4054-AEDD-339C69B89355}.Release|Any CPU.ActiveCfg = Release|Any CPU
		{5C0077DB-CEE1-4054-AEDD-339C69B89355}.Release|Any CPU.Build.0 = Release|Any CPU
		{5C0077DB-CEE1-4054-AEDD-339C69B89355}.Release|x64.ActiveCfg = Release|Any CPU
		{5C0077DB-CEE1-4054-AEDD-339C69B89355}.Release|x64.Build.0 = Release|Any CPU
		{5C0077DB-CEE1-4054-AEDD-339C69B89355}.Release|x86.ActiveCfg = Release|Any CPU
		{5C0077DB-CEE1-4054-AEDD-339C69B89355}.Release|x86.Build.0 = Release|Any CPU
		{E3BE581C-B60D-4284-8E52-A299AA3A4D0F}.Debug|Any CPU.ActiveCfg = Debug|Any CPU
		{E3BE581C-B60D-4284-8E52-A299AA3A4D0F}.Debug|Any CPU.Build.0 = Debug|Any CPU
		{E3BE581C-B60D-4284-8E52-A299AA3A4D0F}.Debug|x64.ActiveCfg = Debug|Any CPU
		{E3BE581C-B60D-4284-8E52-A299AA3A4D0F}.Debug|x64.Build.0 = Debug|Any CPU
		{E3BE581C-B60D-4284-8E52-A299AA3A4D0F}.Debug|x86.ActiveCfg = Debug|Any CPU
		{E3BE581C-B60D-4284-8E52-A299AA3A4D0F}.Debug|x86.Build.0 = Debug|Any CPU
		{E3BE581C-B60D-4284-8E52-A299AA3A4D0F}.Release|Any CPU.ActiveCfg = Release|Any CPU
		{E3BE581C-B60D-4284-8E52-A299AA3A4D0F}.Release|Any CPU.Build.0 = Release|Any CPU
		{E3BE581C-B60D-4284-8E52-A299AA3A4D0F}.Release|x64.ActiveCfg = Release|Any CPU
		{E3BE581C-B60D-4284-8E52-A299AA3A4D0F}.Release|x64.Build.0 = Release|Any CPU
		{E3BE581C-B60D-4284-8E52-A299AA3A4D0F}.Release|x86.ActiveCfg = Release|Any CPU
		{E3BE581C-B60D-4284-8E52-A299AA3A4D0F}.Release|x86.Build.0 = Release|Any CPU
		{1E88E1E1-0D40-4F83-9C96-130D2D2D1812}.Debug|Any CPU.ActiveCfg = Debug|Any CPU
		{1E88E1E1-0D40-4F83-9C96-130D2D2D1812}.Debug|Any CPU.Build.0 = Debug|Any CPU
		{1E88E1E1-0D40-4F83-9C96-130D2D2D1812}.Debug|x64.ActiveCfg = Debug|Any CPU
		{1E88E1E1-0D40-4F83-9C96-130D2D2D1812}.Debug|x64.Build.0 = Debug|Any CPU
		{1E88E1E1-0D40-4F83-9C96-130D2D2D1812}.Debug|x86.ActiveCfg = Debug|Any CPU
		{1E88E1E1-0D40-4F83-9C96-130D2D2D1812}.Debug|x86.Build.0 = Debug|Any CPU
		{1E88E1E1-0D40-4F83-9C96-130D2D2D1812}.Release|Any CPU.ActiveCfg = Release|Any CPU
		{1E88E1E1-0D40-4F83-9C96-130D2D2D1812}.Release|Any CPU.Build.0 = Release|Any CPU
		{1E88E1E1-0D40-4F83-9C96-130D2D2D1812}.Release|x64.ActiveCfg = Release|Any CPU
		{1E88E1E1-0D40-4F83-9C96-130D2D2D1812}.Release|x64.Build.0 = Release|Any CPU
		{1E88E1E1-0D40-4F83-9C96-130D2D2D1812}.Release|x86.ActiveCfg = Release|Any CPU
		{1E88E1E1-0D40-4F83-9C96-130D2D2D1812}.Release|x86.Build.0 = Release|Any CPU
	EndGlobalSection
	GlobalSection(SolutionProperties) = preSolution
		HideSolutionNode = FALSE
	EndGlobalSection
	GlobalSection(NestedProjects) = preSolution
		{AFDA5E11-5448-462F-B139-5327A21A24E3} = {827E0CD3-B72D-47B6-A68D-7590B98EB39B}
		{2578E82A-0B00-477E-9789-4FA05F08D69E} = {827E0CD3-B72D-47B6-A68D-7590B98EB39B}
		{9973A474-F5D0-44D5-B4E0-D87B6D6DCD20} = {827E0CD3-B72D-47B6-A68D-7590B98EB39B}
		{F2BA5748-3AE7-4128-83C2-5A992A5FD923} = {827E0CD3-B72D-47B6-A68D-7590B98EB39B}
		{DB043810-04F2-4DB4-AB72-91C85D1A669D} = {827E0CD3-B72D-47B6-A68D-7590B98EB39B}
		{D5A3B7B0-71C9-4F06-88E3-93F1C8D29AF1} = {827E0CD3-B72D-47B6-A68D-7590B98EB39B}
		{5C0077DB-CEE1-4054-AEDD-339C69B89355} = {0AB3BF05-4346-4AA6-1389-037BE0695223}
		{E3BE581C-B60D-4284-8E52-A299AA3A4D0F} = {0AB3BF05-4346-4AA6-1389-037BE0695223}
		{1E88E1E1-0D40-4F83-9C96-130D2D2D1812} = {0AB3BF05-4346-4AA6-1389-037BE0695223}
	EndGlobalSection
EndGlobal
